<?xml version="1.0" encoding="utf-8"?>
<Project ToolsVersion="4.0" xmlns="http://schemas.microsoft.com/developer/msbuild/2003">
  <ItemGroup>
    <Filter Include="Source Files">
      <UniqueIdentifier>{4FC737F1-C7A5-4376-A066-2A32D752A2FF}</UniqueIdentifier>
      <Extensions>cpp;c;cc;cxx;c++;cppm;ixx;def;odl;idl;hpj;bat;asm;asmx</Extensions>
    </Filter>
    <Filter Include="Header Files">
      <UniqueIdentifier>{93995380-89BD-4b04-88EB-625FBE52EBFB}</UniqueIdentifier>
      <Extensions>h;hh;hpp;hxx;h++;hm;inl;inc;ipp;xsd</Extensions>
    </Filter>
    <Filter Include="Resource Files">
      <UniqueIdentifier>{67DA6AB6-F800-4c08-8B7A-83BB121AAD01}</UniqueIdentifier>
      <Extensions>rc;ico;cur;bmp;dlg;rc2;rct;bin;rgs;gif;jpg;jpeg;jpe;resx;tiff;tif;png;wav;mfcribbon-ms</Extensions>
    </Filter>
    <Filter Include="Header Files\engine">
      <UniqueIdentifier>{3e510d98-409d-40ab-98c0-4623ecb7d03a}</UniqueIdentifier>
    </Filter>
    <Filter Include="Header Files\physics">
      <UniqueIdentifier>{4ce2ecdd-20d9-4edb-a765-cd1c4674cc02}</UniqueIdentifier>
    </Filter>
    <Filter Include="Header Files\render">
      <UniqueIdentifier>{5e5aa1e1-4a54-4569-91c2-9ec5fa518fba}</UniqueIdentifier>
    </Filter>
    <Filter Include="Header Files\thread_pool">
      <UniqueIdentifier>{d082a484-8479-4325-9ac8-46e0a3d5690f}</UniqueIdentifier>
    </Filter>
    <Filter Include="Header Files\engine\common">
      <UniqueIdentifier>{4a836182-35f4-454d-9067-9d9cfdf754a6}</UniqueIdentifier>
    </Filter>
    <Filter Include="Header Files\engine\render">
      <UniqueIdentifier>{4a374a8b-be40-4f0c-aa63-f9d33a53aa5d}</UniqueIdentifier>
    </Filter>
  </ItemGroup>
  <ItemGroup>
    <ClCompile Include="SFML_Basic.cpp">
      <Filter>Source Files</Filter>
    </ClCompile>
    <ClCompile Include="PCH.cpp">
      <Filter>Source Files</Filter>
    </ClCompile>
    <ClCompile Include="renderer\renderer.cpp">
      <Filter>Header Files\render</Filter>
    </ClCompile>
  </ItemGroup>
  <ItemGroup>
    <ClInclude Include="PCH.h">
      <Filter>Source Files</Filter>
    </ClInclude>
    <ClInclude Include="engine\common\color_utils.hpp">
      <Filter>Header Files\engine\common</Filter>
    </ClInclude>
    <ClInclude Include="engine\common\event_manager.hpp">
      <Filter>Header Files\engine\common</Filter>
    </ClInclude>
    <ClInclude Include="engine\common\grid.hpp">
      <Filter>Header Files\engine\common</Filter>
    </ClInclude>
    <ClInclude Include="engine\common\index_vector.hpp">
      <Filter>Header Files\engine\common</Filter>
    </ClInclude>
    <ClInclude Include="engine\common\math.hpp">
      <Filter>Header Files\engine\common</Filter>
    </ClInclude>
    <ClInclude Include="engine\common\number_generator.hpp">
      <Filter>Header Files\engine\common</Filter>
    </ClInclude>
    <ClInclude Include="engine\common\racc.hpp">
      <Filter>Header Files\engine\common</Filter>
    </ClInclude>
    <ClInclude Include="engine\common\utils.hpp">
      <Filter>Header Files\engine\common</Filter>
    </ClInclude>
    <ClInclude Include="engine\common\vec.hpp">
      <Filter>Header Files\engine\common</Filter>
    </ClInclude>
    <ClInclude Include="engine\render\viewport_handler.hpp">
      <Filter>Header Files\engine\render</Filter>
    </ClInclude>
    <ClInclude Include="engine\window_context_handler.hpp">
      <Filter>Header Files\engine</Filter>
    </ClInclude>
    <ClInclude Include="thread_pool\thread_pool.hpp">
      <Filter>Header Files\thread_pool</Filter>
    </ClInclude>
    <ClInclude Include="renderer\renderer.hpp">
      <Filter>Header Files\render</Filter>
    </ClInclude>
    <ClInclude Include="physics\collision_grid.hpp">
      <Filter>Header Files\physics</Filter>
    </ClInclude>
    <ClInclude Include="physics\physic_object.hpp">
      <Filter>Header Files\physics</Filter>
    </ClInclude>
    <ClInclude Include="physics\physics.hpp">
      <Filter>Header Files\physics</Filter>
    </ClInclude>
    <ClInclude Include="engine\common\time_analyzer.hpp">
      <Filter>Header Files\engine\common</Filter>
    </ClInclude>
  </ItemGroup>
</Project>